// !$*UTF8*$!
{
	archiveVersion = 1;
	classes = {
	};
	objectVersion = 46;
	objects = {

/* Begin PBXBuildFile section */
		F18004FB1B745A2E000E59F1 /* main.m in Sources */ = {isa = PBXBuildFile; fileRef = F18004FA1B745A2E000E59F1 /* main.m */; };
		F18004FE1B745A2E000E59F1 /* AppDelegate.m in Sources */ = {isa = PBXBuildFile; fileRef = F18004FD1B745A2E000E59F1 /* AppDelegate.m */; };
		F18005011B745A2E000E59F1 /* ViewController.m in Sources */ = {isa = PBXBuildFile; fileRef = F18005001B745A2E000E59F1 /* ViewController.m */; };
		F18005041B745A2E000E59F1 /* Main.storyboard in Resources */ = {isa = PBXBuildFile; fileRef = F18005021B745A2E000E59F1 /* Main.storyboard */; };
		F18005061B745A2E000E59F1 /* Images.xcassets in Resources */ = {isa = PBXBuildFile; fileRef = F18005051B745A2E000E59F1 /* Images.xcassets */; };
		F18005091B745A2F000E59F1 /* LaunchScreen.xib in Resources */ = {isa = PBXBuildFile; fileRef = F18005071B745A2F000E59F1 /* LaunchScreen.xib */; };
		F18005151B745A2F000E59F1 /* Assignment_2Tests.m in Sources */ = {isa = PBXBuildFile; fileRef = F18005141B745A2F000E59F1 /* Assignment_2Tests.m */; };
		F18005201B745AA3000E59F1 /* InformationDicitonary.m in Sources */ = {isa = PBXBuildFile; fileRef = F180051F1B745AA3000E59F1 /* InformationDicitonary.m */; };
		F18005241B745F70000E59F1 /* Person.m in Sources */ = {isa = PBXBuildFile; fileRef = F18005231B745F70000E59F1 /* Person.m */; };
		F18005271B745F8B000E59F1 /* Address.m in Sources */ = {isa = PBXBuildFile; fileRef = F18005261B745F8B000E59F1 /* Address.m */; };
		F180052A1B745F9D000E59F1 /* Employee.m in Sources */ = {isa = PBXBuildFile; fileRef = F18005291B745F9D000E59F1 /* Employee.m */; };
/* End PBXBuildFile section */

/* Begin PBXContainerItemProxy section */
		F180050F1B745A2F000E59F1 /* PBXContainerItemProxy */ = {
			isa = PBXContainerItemProxy;
			containerPortal = F18004ED1B745A2E000E59F1 /* Project object */;
			proxyType = 1;
			remoteGlobalIDString = F18004F41B745A2E000E59F1;
			remoteInfo = Assignment_2;
		};
/* End PBXContainerItemProxy section */

/* Begin PBXFileReference section */
		F18004F51B745A2E000E59F1 /* Assignment_2.app */ = {isa = PBXFileReference; explicitFileType = wrapper.application; includeInIndex = 0; path = Assignment_2.app; sourceTree = BUILT_PRODUCTS_DIR; };
		F18004F91B745A2E000E59F1 /* Info.plist */ = {isa = PBXFileReference; lastKnownFileType = text.plist.xml; path = Info.plist; sourceTree = "<group>"; };
		F18004FA1B745A2E000E59F1 /* main.m */ = {isa = PBXFileReference; lastKnownFileType = sourcecode.c.objc; path = main.m; sourceTree = "<group>"; };
		F18004FC1B745A2E000E59F1 /* AppDelegate.h */ = {isa = PBXFileReference; lastKnownFileType = sourcecode.c.h; path = AppDelegate.h; sourceTree = "<group>"; };
		F18004FD1B745A2E000E59F1 /* AppDelegate.m */ = {isa = PBXFileReference; lastKnownFileType = sourcecode.c.objc; path = AppDelegate.m; sourceTree = "<group>"; };
		F18004FF1B745A2E000E59F1 /* ViewController.h */ = {isa = PBXFileReference; lastKnownFileType = sourcecode.c.h; path = ViewController.h; sourceTree = "<group>"; };
		F18005001B745A2E000E59F1 /* ViewController.m */ = {isa = PBXFileReference; lastKnownFileType = sourcecode.c.objc; path = ViewController.m; sourceTree = "<group>"; };
		F18005031B745A2E000E59F1 /* Base */ = {isa = PBXFileReference; lastKnownFileType = file.storyboard; name = Base; path = Base.lproj/Main.storyboard; sourceTree = "<group>"; };
		F18005051B745A2E000E59F1 /* Images.xcassets */ = {isa = PBXFileReference; lastKnownFileType = folder.assetcatalog; path = Images.xcassets; sourceTree = "<group>"; };
		F18005081B745A2F000E59F1 /* Base */ = {isa = PBXFileReference; lastKnownFileType = file.xib; name = Base; path = Base.lproj/LaunchScreen.xib; sourceTree = "<group>"; };
		F180050E1B745A2F000E59F1 /* Assignment_2Tests.xctest */ = {isa = PBXFileReference; explicitFileType = wrapper.cfbundle; includeInIndex = 0; path = Assignment_2Tests.xctest; sourceTree = BUILT_PRODUCTS_DIR; };
		F18005131B745A2F000E59F1 /* Info.plist */ = {isa = PBXFileReference; lastKnownFileType = text.plist.xml; path = Info.plist; sourceTree = "<group>"; };
		F18005141B745A2F000E59F1 /* Assignment_2Tests.m */ = {isa = PBXFileReference; lastKnownFileType = sourcecode.c.objc; path = Assignment_2Tests.m; sourceTree = "<group>"; };
		F180051E1B745AA3000E59F1 /* InformationDicitonary.h */ = {isa = PBXFileReference; fileEncoding = 4; lastKnownFileType = sourcecode.c.h; name = InformationDicitonary.h; path = Models/InformationDicitonary.h; sourceTree = "<group>"; };
		F180051F1B745AA3000E59F1 /* InformationDicitonary.m */ = {isa = PBXFileReference; fileEncoding = 4; lastKnownFileType = sourcecode.c.objc; name = InformationDicitonary.m; path = Models/InformationDicitonary.m; sourceTree = "<group>"; };
		F18005221B745F70000E59F1 /* Person.h */ = {isa = PBXFileReference; fileEncoding = 4; lastKnownFileType = sourcecode.c.h; name = Person.h; path = Models/Person.h; sourceTree = "<group>"; };
		F18005231B745F70000E59F1 /* Person.m */ = {isa = PBXFileReference; fileEncoding = 4; lastKnownFileType = sourcecode.c.objc; name = Person.m; path = Models/Person.m; sourceTree = "<group>"; };
		F18005251B745F8B000E59F1 /* Address.h */ = {isa = PBXFileReference; fileEncoding = 4; lastKnownFileType = sourcecode.c.h; name = Address.h; path = Models/Address.h; sourceTree = "<group>"; };
		F18005261B745F8B000E59F1 /* Address.m */ = {isa = PBXFileReference; fileEncoding = 4; lastKnownFileType = sourcecode.c.objc; name = Address.m; path = Models/Address.m; sourceTree = "<group>"; };
		F18005281B745F9D000E59F1 /* Employee.h */ = {isa = PBXFileReference; fileEncoding = 4; lastKnownFileType = sourcecode.c.h; name = Employee.h; path = Models/Employee.h; sourceTree = "<group>"; };
		F18005291B745F9D000E59F1 /* Employee.m */ = {isa = PBXFileReference; fileEncoding = 4; lastKnownFileType = sourcecode.c.objc; name = Employee.m; path = Models/Employee.m; sourceTree = "<group>"; };
/* End PBXFileReference section */

/* Begin PBXFrameworksBuildPhase section */
		F18004F21B745A2E000E59F1 /* Frameworks */ = {
			isa = PBXFrameworksBuildPhase;
			buildActionMask = 2147483647;
			files = (
			);
			runOnlyForDeploymentPostprocessing = 0;
		};
		F180050B1B745A2F000E59F1 /* Frameworks */ = {
			isa = PBXFrameworksBuildPhase;
			buildActionMask = 2147483647;
			files = (
			);
			runOnlyForDeploymentPostprocessing = 0;
		};
/* End PBXFrameworksBuildPhase section */

/* Begin PBXGroup section */
		F18004EC1B745A2E000E59F1 = {
			isa = PBXGroup;
			children = (
				F18004F71B745A2E000E59F1 /* Assignment_2 */,
				F18005111B745A2F000E59F1 /* Assignment_2Tests */,
				F18004F61B745A2E000E59F1 /* Products */,
			);
			sourceTree = "<group>";
		};
		F18004F61B745A2E000E59F1 /* Products */ = {
			isa = PBXGroup;
			children = (
				F18004F51B745A2E000E59F1 /* Assignment_2.app */,
				F180050E1B745A2F000E59F1 /* Assignment_2Tests.xctest */,
			);
			name = Products;
			sourceTree = "<group>";
		};
		F18004F71B745A2E000E59F1 /* Assignment_2 */ = {
			isa = PBXGroup;
			children = (
				F18004FC1B745A2E000E59F1 /* AppDelegate.h */,
				F18004FD1B745A2E000E59F1 /* AppDelegate.m */,
				F18004FF1B745A2E000E59F1 /* ViewController.h */,
				F18005001B745A2E000E59F1 /* ViewController.m */,
				F18005211B745AAC000E59F1 /* Models */,
				F18005021B745A2E000E59F1 /* Main.storyboard */,
				F18005051B745A2E000E59F1 /* Images.xcassets */,
				F18005071B745A2F000E59F1 /* LaunchScreen.xib */,
				F18004F81B745A2E000E59F1 /* Supporting Files */,
			);
			path = Assignment_2;
			sourceTree = "<group>";
		};
		F18004F81B745A2E000E59F1 /* Supporting Files */ = {
			isa = PBXGroup;
			children = (
				F18004F91B745A2E000E59F1 /* Info.plist */,
				F18004FA1B745A2E000E59F1 /* main.m */,
			);
			name = "Supporting Files";
			sourceTree = "<group>";
		};
		F18005111B745A2F000E59F1 /* Assignment_2Tests */ = {
			isa = PBXGroup;
			children = (
				F18005141B745A2F000E59F1 /* Assignment_2Tests.m */,
				F18005121B745A2F000E59F1 /* Supporting Files */,
			);
			path = Assignment_2Tests;
			sourceTree = "<group>";
		};
		F18005121B745A2F000E59F1 /* Supporting Files */ = {
			isa = PBXGroup;
			children = (
				F18005131B745A2F000E59F1 /* Info.plist */,
			);
			name = "Supporting Files";
			sourceTree = "<group>";
		};
		F18005211B745AAC000E59F1 /* Models */ = {
			isa = PBXGroup;
			children = (
				F180051E1B745AA3000E59F1 /* InformationDicitonary.h */,
				F180051F1B745AA3000E59F1 /* InformationDicitonary.m */,
				F18005221B745F70000E59F1 /* Person.h */,
				F18005231B745F70000E59F1 /* Person.m */,
				F18005251B745F8B000E59F1 /* Address.h */,
				F18005261B745F8B000E59F1 /* Address.m */,
				F18005281B745F9D000E59F1 /* Employee.h */,
				F18005291B745F9D000E59F1 /* Employee.m */,
			);
			name = Models;
			sourceTree = "<group>";
		};
/* End PBXGroup section */

/* Begin PBXNativeTarget section */
		F18004F41B745A2E000E59F1 /* Assignment_2 */ = {
			isa = PBXNativeTarget;
			buildConfigurationList = F18005181B745A2F000E59F1 /* Build configuration list for PBXNativeTarget "Assignment_2" */;
			buildPhases = (
				F18004F11B745A2E000E59F1 /* Sources */,
				F18004F21B745A2E000E59F1 /* Frameworks */,
				F18004F31B745A2E000E59F1 /* Resources */,
			);
			buildRules = (
			);
			dependencies = (
			);
			name = Assignment_2;
			productName = Assignment_2;
			productReference = F18004F51B745A2E000E59F1 /* Assignment_2.app */;
			productType = "com.apple.product-type.application";
		};
		F180050D1B745A2F000E59F1 /* Assignment_2Tests */ = {
			isa = PBXNativeTarget;
			buildConfigurationList = F180051B1B745A2F000E59F1 /* Build configuration list for PBXNativeTarget "Assignment_2Tests" */;
			buildPhases = (
				F180050A1B745A2F000E59F1 /* Sources */,
				F180050B1B745A2F000E59F1 /* Frameworks */,
				F180050C1B745A2F000E59F1 /* Resources */,
			);
			buildRules = (
			);
			dependencies = (
				F18005101B745A2F000E59F1 /* PBXTargetDependency */,
			);
			name = Assignment_2Tests;
			productName = Assignment_2Tests;
			productReference = F180050E1B745A2F000E59F1 /* Assignment_2Tests.xctest */;
			productType = "com.apple.product-type.bundle.unit-test";
		};
/* End PBXNativeTarget section */

/* Begin PBXProject section */
		F18004ED1B745A2E000E59F1 /* Project object */ = {
			isa = PBXProject;
			attributes = {
				LastUpgradeCheck = 0630;
				ORGANIZATIONNAME = webonise;
				TargetAttributes = {
					F18004F41B745A2E000E59F1 = {
						CreatedOnToolsVersion = 6.3.2;
					};
					F180050D1B745A2F000E59F1 = {
						CreatedOnToolsVersion = 6.3.2;
						TestTargetID = F18004F41B745A2E000E59F1;
					};
				};
			};
			buildConfigurationList = F18004F01B745A2E000E59F1 /* Build configuration list for PBXProject "Assignment_2" */;
			compatibilityVersion = "Xcode 3.2";
			developmentRegion = English;
			hasScannedForEncodings = 0;
			knownRegions = (
				en,
				Base,
			);
			mainGroup = F18004EC1B745A2E000E59F1;
			productRefGroup = F18004F61B745A2E000E59F1 /* Products */;
			projectDirPath = "";
			projectRoot = "";
			targets = (
				F18004F41B745A2E000E59F1 /* Assignment_2 */,
				F180050D1B745A2F000E59F1 /* Assignment_2Tests */,
			);
		};
/* End PBXProject section */

/* Begin PBXResourcesBuildPhase section */
		F18004F31B745A2E000E59F1 /* Resources */ = {
			isa = PBXResourcesBuildPhase;
			buildActionMask = 2147483647;
			files = (
				F18005041B745A2E000E59F1 /* Main.storyboard in Resources */,
				F18005091B745A2F000E59F1 /* LaunchScreen.xib in Resources */,
				F18005061B745A2E000E59F1 /* Images.xcassets in Resources */,
			);
			runOnlyForDeploymentPostprocessing = 0;
		};
		F180050C1B745A2F000E59F1 /* Resources */ = {
			isa = PBXResourcesBuildPhase;
			buildActionMask = 2147483647;
			files = (
			);
			runOnlyForDeploymentPostprocessing = 0;
		};
/* End PBXResourcesBuildPhase section */

/* Begin PBXSourcesBuildPhase section */
		F18004F11B745A2E000E59F1 /* Sources */ = {
			isa = PBXSourcesBuildPhase;
			buildActionMask = 2147483647;
			files = (
				F18005271B745F8B000E59F1 /* Address.m in Sources */,
				F18005011B745A2E000E59F1 /* ViewController.m in Sources */,
				F18004FE1B745A2E000E59F1 /* AppDelegate.m in Sources */,
				F18005241B745F70000E59F1 /* Person.m in Sources */,
				F18005201B745AA3000E59F1 /* InformationDicitonary.m in Sources */,
				F18004FB1B745A2E000E59F1 /* main.m in Sources */,
				F180052A1B745F9D000E59F1 /* Employee.m in Sources */,
			);
			runOnlyForDeploymentPostprocessing = 0;
		};
		F180050A1B745A2F000E59F1 /* Sources */ = {
			isa = PBXSourcesBuildPhase;
			buildActionMask = 2147483647;
			files = (
				F18005151B745A2F000E59F1 /* Assignment_2Tests.m in Sources */,
			);
			runOnlyForDeploymentPostprocessing = 0;
		};
/* End PBXSourcesBuildPhase section */

/* Begin PBXTargetDependency section */
		F18005101B745A2F000E59F1 /* PBXTargetDependency */ = {
			isa = PBXTargetDependency;
			target = F18004F41B745A2E000E59F1 /* Assignment_2 */;
			targetProxy = F180050F1B745A2F000E59F1 /* PBXContainerItemProxy */;
		};
/* End PBXTargetDependency section */

/* Begin PBXVariantGroup section */
		F18005021B745A2E000E59F1 /* Main.storyboard */ = {
			isa = PBXVariantGroup;
			children = (
				F18005031B745A2E000E59F1 /* Base */,
			);
			name = Main.storyboard;
			sourceTree = "<group>";
		};
		F18005071B745A2F000E59F1 /* LaunchScreen.xib */ = {
			isa = PBXVariantGroup;
			children = (
				F18005081B745A2F000E59F1 /* Base */,
			);
			name = LaunchScreen.xib;
			sourceTree = "<group>";
		};
/* End PBXVariantGroup section */

/* Begin XCBuildConfiguration section */
		F18005161B745A2F000E59F1 /* Debug */ = {
			isa = XCBuildConfiguration;
			buildSettings = {
				ALWAYS_SEARCH_USER_PATHS = NO;
				CLANG_CXX_LANGUAGE_STANDARD = "gnu++0x";
				CLANG_CXX_LIBRARY = "libc++";
				CLANG_ENABLE_MODULES = YES;
				CLANG_ENABLE_OBJC_ARC = YES;
				CLANG_WARN_BOOL_CONVERSION = YES;
				CLANG_WARN_CONSTANT_CONVERSION = YES;
				CLANG_WARN_DIRECT_OBJC_ISA_USAGE = YES_ERROR;
				CLANG_WARN_EMPTY_BODY = YES;
				CLANG_WARN_ENUM_CONVERSION = YES;
				CLANG_WARN_INT_CONVERSION = YES;
				CLANG_WARN_OBJC_ROOT_CLASS = YES_ERROR;
				CLANG_WARN_UNREACHABLE_CODE = YES;
				CLANG_WARN__DUPLICATE_METHOD_MATCH = YES;
				"CODE_SIGN_IDENTITY[sdk=iphoneos*]" = "iPhone Developer";
				COPY_PHASE_STRIP = NO;
				DEBUG_INFORMATION_FORMAT = "dwarf-with-dsym";
				ENABLE_STRICT_OBJC_MSGSEND = YES;
				GCC_C_LANGUAGE_STANDARD = gnu99;
				GCC_DYNAMIC_NO_PIC = NO;
				GCC_NO_COMMON_BLOCKS = YES;
				GCC_OPTIMIZATION_LEVEL = 0;
				GCC_PREPROCESSOR_DEFINITIONS = (
					"DEBUG=1",
					"$(inherited)",
				);
				GCC_SYMBOLS_PRIVATE_EXTERN = NO;
				GCC_WARN_64_TO_32_BIT_CONVERSION = YES;
				GCC_WARN_ABOUT_RETURN_TYPE = YES_ERROR;
				GCC_WARN_UNDECLARED_SELECTOR = YES;
				GCC_WARN_UNINITIALIZED_AUTOS = YES_AGGRESSIVE;
				GCC_WARN_UNUSED_FUNCTION = YES;
				GCC_WARN_UNUSED_VARIABLE = YES;
				IPHONEOS_DEPLOYMENT_TARGET = 8.3;
				MTL_ENABLE_DEBUG_INFO = YES;
				ONLY_ACTIVE_ARCH = YES;
				SDKROOT = iphoneos;
			};
			name = Debug;
		};
		F18005171B745A2F000E59F1 /* Release */ = {
			isa = XCBuildConfiguration;
			buildSettings = {
				ALWAYS_SEARCH_USER_PATHS = NO;
				CLANG_CXX_LANGUAGE_STANDARD = "gnu++0x";
				CLANG_CXX_LIBRARY = "libc++";
				CLANG_ENABLE_MODULES = YES;
				CLANG_ENABLE_OBJC_ARC = YES;
				CLANG_WARN_BOOL_CONVERSION = YES;
				CLANG_WARN_CONSTANT_CONVERSION = YES;
				CLANG_WARN_DIRECT_OBJC_ISA_USAGE = YES_ERROR;
				CLANG_WARN_EMPTY_BODY = YES;
				CLANG_WARN_ENUM_CONVERSION = YES;
				CLANG_WARN_INT_CONVERSION = YES;
				CLANG_WARN_OBJC_ROOT_CLASS = YES_ERROR;
				CLANG_WARN_UNREACHABLE_CODE = YES;
				CLANG_WARN__DUPLICATE_METHOD_MATCH = YES;
				"CODE_SIGN_IDENTITY[sdk=iphoneos*]" = "iPhone Developer";
				COPY_PHASE_STRIP = NO;
				DEBUG_INFORMATION_FORMAT = "dwarf-with-dsym";
				ENABLE_NS_ASSERTIONS = NO;
				ENABLE_STRICT_OBJC_MSGSEND = YES;
				GCC_C_LANGUAGE_STANDARD = gnu99;
				GCC_NO_COMMON_BLOCKS = YES;
				GCC_WARN_64_TO_32_BIT_CONVERSION = YES;
				GCC_WARN_ABOUT_RETURN_TYPE = YES_ERROR;
				GCC_WARN_UNDECLARED_SELECTOR = YES;
				GCC_WARN_UNINITIALIZED_AUTOS = YES_AGGRESSIVE;
				GCC_WARN_UNUSED_FUNCTION = YES;
				GCC_WARN_UNUSED_VARIABLE = YES;
				IPHONEOS_DEPLOYMENT_TARGET = 8.3;
				MTL_ENABLE_DEBUG_INFO = NO;
				SDKROOT = iphoneos;
				VALIDATE_PRODUCT = YES;
			};
			name = Release;
		};
		F18005191B745A2F000E59F1 /* Debug */ = {
			isa = XCBuildConfiguration;
			buildSettings = {
				ASSETCATALOG_COMPILER_APPICON_NAME = AppIcon;
				INFOPLIST_FILE = Assignment_2/Info.plist;
				LD_RUNPATH_SEARCH_PATHS = "$(inherited) @executable_path/Frameworks";
				PRODUCT_NAME = "$(TARGET_NAME)";
			};
			name = Debug;
		};
		F180051A1B745A2F000E59F1 /* Release */ = {
			isa = XCBuildConfiguration;
			buildSettings = {
				ASSETCATALOG_COMPILER_APPICON_NAME = AppIcon;
				INFOPLIST_FILE = Assignment_2/Info.plist;
				LD_RUNPATH_SEARCH_PATHS = "$(inherited) @executable_path/Frameworks";
				PRODUCT_NAME = "$(TARGET_NAME)";
			};
			name = Release;
		};
		F180051C1B745A2F000E59F1 /* Debug */ = {
			isa = XCBuildConfiguration;
			buildSettings = {
				BUNDLE_LOADER = "$(TEST_HOST)";
				FRAMEWORK_SEARCH_PATHS = (
					"$(SDKROOT)/Developer/Library/Frameworks",
					"$(inherited)",
				);
				GCC_PREPROCESSOR_DEFINITIONS = (
					"DEBUG=1",
					"$(inherited)",
				);
				INFOPLIST_FILE = Assignment_2Tests/Info.plist;
				LD_RUNPATH_SEARCH_PATHS = "$(inherited) @executable_path/Frameworks @loader_path/Frameworks";
				PRODUCT_NAME = "$(TARGET_NAME)";
				TEST_HOST = "$(BUILT_PRODUCTS_DIR)/Assignment_2.app/Assignment_2";
			};
			name = Debug;
		};
		F180051D1B745A2F000E59F1 /* Release */ = {
			isa = XCBuildConfiguration;
			buildSettings = {
				BUNDLE_LOADER = "$(TEST_HOST)";
				FRAMEWORK_SEARCH_PATHS = (
					"$(SDKROOT)/Developer/Library/Frameworks",
					"$(inherited)",
				);
				INFOPLIST_FILE = Assignment_2Tests/Info.plist;
				LD_RUNPATH_SEARCH_PATHS = "$(inherited) @executable_path/Frameworks @loader_path/Frameworks";
				PRODUCT_NAME = "$(TARGET_NAME)";
				TEST_HOST = "$(BUILT_PRODUCTS_DIR)/Assignment_2.app/Assignment_2";
			};
			name = Release;
		};
/* End XCBuildConfiguration section */

/* Begin XCConfigurationList section */
		F18004F01B745A2E000E59F1 /* Build configuration list for PBXProject "Assignment_2" */ = {
			isa = XCConfigurationList;
			buildConfigurations = (
				F18005161B745A2F000E59F1 /* Debug */,
				F18005171B745A2F000E59F1 /* Release */,
			);
			defaultConfigurationIsVisible = 0;
			defaultConfigurationName = Release;
		};
		F18005181B745A2F000E59F1 /* Build configuration list for PBXNativeTarget "Assignment_2" */ = {
			isa = XCConfigurationList;
			buildConfigurations = (
				F18005191B745A2F000E59F1 /* Debug */,
				F180051A1B745A2F000E59F1 /* Release */,
			);
			defaultConfigurationIsVisible = 0;
		};
		F180051B1B745A2F000E59F1 /* Build configuration list for PBXNativeTarget "Assignment_2Tests" */ = {
			isa = XCConfigurationList;
			buildConfigurations = (
				F180051C1B745A2F000E59F1 /* Debug */,
				F180051D1B745A2F000E59F1 /* Release */,
			);
			defaultConfigurationIsVisible = 0;
		};
/* End XCConfigurationList section */
	};
	rootObject = F18004ED1B745A2E000E59F1 /* Project object */;
}
